<?xml version="1.0" encoding="utf-8"?>
<Project ToolsVersion="4.0" xmlns="http://schemas.microsoft.com/developer/msbuild/2003">
  <ItemGroup>
    <Filter Include="Source Files">
      <UniqueIdentifier>{4FC737F1-C7A5-4376-A066-2A32D752A2FF}</UniqueIdentifier>
      <Extensions>cpp;c;cc;cxx;c++;cppm;ixx;def;odl;idl;hpj;bat;asm;asmx</Extensions>
    </Filter>
    <Filter Include="Header Files">
      <UniqueIdentifier>{93995380-89BD-4b04-88EB-625FBE52EBFB}</UniqueIdentifier>
      <Extensions>h;hh;hpp;hxx;h++;hm;inl;inc;ipp;xsd</Extensions>
    </Filter>
    <Filter Include="Resource Files">
      <UniqueIdentifier>{67DA6AB6-F800-4c08-8B7A-83BB121AAD01}</UniqueIdentifier>
      <Extensions>rc;ico;cur;bmp;dlg;rc2;rct;bin;rgs;gif;jpg;jpeg;jpe;resx;tiff;tif;png;wav;mfcribbon-ms</Extensions>
    </Filter>
  </ItemGroup>
  <ItemGroup>
    <ClCompile Include="src\Taurus.cpp">
      <Filter>Source Files</Filter>
    </ClCompile>
    <ClCompile Include="thirdparty\include\ps3eye.cpp">
      <Filter>Source Files</Filter>
    </ClCompile>
    <ClCompile Include="thirdparty\include\ps3eye_capi.cpp">
      <Filter>Source Files</Filter>
    </ClCompile>
    <ClCompile Include="src\core\logging.cpp">
      <Filter>Source Files</Filter>
    </ClCompile>
    <ClCompile Include="src\core\cameras.cpp">
      <Filter>Source Files</Filter>
    </ClCompile>
    <ClCompile Include="src\core\psmove.cpp">
      <Filter>Source Files</Filter>
    </ClCompile>
    <ClCompile Include="src\core\utils.cpp">
      <Filter>Source Files</Filter>
    </ClCompile>
    <ClCompile Include="src\core\madgwick.cpp">
      <Filter>Source Files</Filter>
    </ClCompile>
    <ClCompile Include="src\core\json_handler.cpp">
      <Filter>Source Files</Filter>
    </ClCompile>
    <ClCompile Include="src\core\imu_calibration.cpp">
      <Filter>Source Files</Filter>
    </ClCompile>
    <ClCompile Include="src\TaurusCalibrator.cpp">
      <Filter>Source Files</Filter>
    </ClCompile>
    <ClCompile Include="src\core\tracking\tracking_utils.cpp">
      <Filter>Source Files</Filter>
    </ClCompile>
    <ClCompile Include="src\core\tracking\detector.cpp">
      <Filter>Source Files</Filter>
    </ClCompile>
    <ClCompile Include="src\core\camera_calibration.cpp">
      <Filter>Source Files</Filter>
    </ClCompile>
    <ClCompile Include="src\core\lowpass.cpp">
      <Filter>Source Files</Filter>
    </ClCompile>
    <ClCompile Include="src\core\config.cpp">
      <Filter>Source Files</Filter>
    </ClCompile>
    <ClCompile Include="src\core\communication.cpp">
      <Filter>Source Files</Filter>
    </ClCompile>
    <ClCompile Include="include\protocol\TaurusMessages.pb.cc">
      <Filter>Source Files</Filter>
    </ClCompile>
    <ClCompile Include="src\app\communication_thread.cpp">
      <Filter>Source Files</Filter>
    </ClCompile>
    <ClCompile Include="src\app\filter_thread.cpp">
      <Filter>Source Files</Filter>
    </ClCompile>
    <ClCompile Include="src\app\taurus_app.cpp">
      <Filter>Source Files</Filter>
    </ClCompile>
    <ClCompile Include="src\app\optical_thread.cpp">
      <Filter>Source Files</Filter>
    </ClCompile>
  </ItemGroup>
  <ItemGroup>
    <ClInclude Include="thirdparty\include\ps3eye.h">
      <Filter>Header Files</Filter>
    </ClInclude>
    <ClInclude Include="thirdparty\include\ps3eye_capi.h">
      <Filter>Header Files</Filter>
    </ClInclude>
    <ClInclude Include="include\core\logging.h">
      <Filter>Header Files</Filter>
    </ClInclude>
    <ClInclude Include="include\core\cameras.h">
      <Filter>Header Files</Filter>
    </ClInclude>
    <ClInclude Include="thirdparty\include\psmoveapi\psmove.h">
      <Filter>Header Files</Filter>
    </ClInclude>
    <ClInclude Include="thirdparty\include\psmoveapi\psmove_config.h">
      <Filter>Header Files</Filter>
    </ClInclude>
    <ClInclude Include="thirdparty\include\psmoveapi\psmove_fusion.h">
      <Filter>Header Files</Filter>
    </ClInclude>
    <ClInclude Include="thirdparty\include\psmoveapi\psmove_tracker.h">
      <Filter>Header Files</Filter>
    </ClInclude>
    <ClInclude Include="thirdparty\include\psmoveapi\psmoveapi.h">
      <Filter>Header Files</Filter>
    </ClInclude>
    <ClInclude Include="include\core\psmove.h">
      <Filter>Header Files</Filter>
    </ClInclude>
    <ClInclude Include="include\core\utils.h">
      <Filter>Header Files</Filter>
    </ClInclude>
    <ClInclude Include="include\core\madgwick.h">
      <Filter>Header Files</Filter>
    </ClInclude>
    <ClInclude Include="include\modules\imuCalibration.h">
      <Filter>Header Files</Filter>
    </ClInclude>
    <ClInclude Include="include\core\json_handler.h">
      <Filter>Header Files</Filter>
    </ClInclude>
    <ClInclude Include="include\core\imu_calibration.h">
      <Filter>Header Files</Filter>
    </ClInclude>
    <ClInclude Include="include\core\tracking\detector.h">
      <Filter>Header Files</Filter>
    </ClInclude>
    <ClInclude Include="include\core\tracking\tracking_utils.h">
      <Filter>Header Files</Filter>
    </ClInclude>
    <ClInclude Include="include\core\camera_calibration.h">
      <Filter>Header Files</Filter>
    </ClInclude>
    <ClInclude Include="include\core\lowpass.h">
      <Filter>Header Files</Filter>
    </ClInclude>
    <ClInclude Include="include\core\config.h">
      <Filter>Header Files</Filter>
    </ClInclude>
    <ClInclude Include="include\core\communication.h">
      <Filter>Header Files</Filter>
    </ClInclude>
    <ClInclude Include="include\protocol\TaurusMessages.pb.h">
      <Filter>Header Files</Filter>
    </ClInclude>
    <ClInclude Include="include\app\communication_thread.h">
      <Filter>Header Files</Filter>
    </ClInclude>
    <ClInclude Include="include\app\filter_thread.h">
      <Filter>Header Files</Filter>
    </ClInclude>
    <ClInclude Include="include\app\taurus_app.h">
      <Filter>Header Files</Filter>
    </ClInclude>
    <ClInclude Include="include\app\optical_thread.h">
      <Filter>Header Files</Filter>
    </ClInclude>
  </ItemGroup>
  <ItemGroup>
    <None Include="thirdparty\lib\psmoveapi\psmoveapi.dll" />
    <None Include="thirdparty\lib\psmoveapi\psmoveapi_tracker.dll" />
    <None Include="thirdparty\dlls\psmoveapi.dll" />
    <None Include="thirdparty\dlls\psmoveapi_tracker.dll" />
  </ItemGroup>
  <ItemGroup>
    <Library Include="thirdparty\lib\psmoveapi\psmoveapi.lib" />
    <Library Include="thirdparty\lib\psmoveapi\psmoveapi_tracker.lib" />
  </ItemGroup>
</Project>