<?xml version="1.0" encoding="utf-8"?>
<Project ToolsVersion="Current" xmlns="http://schemas.microsoft.com/developer/msbuild/2003">
  <ItemGroup>
    <ClCompile Include="src\communication.cpp" />
    <ClCompile Include="src\controller_device.cpp" />
    <ClCompile Include="src\driver_main.cpp" />
    <ClCompile Include="src\entry_point.cpp" />
    <ClCompile Include="src\logging.cpp" />
    <ClCompile Include="include\protocol\TaurusMessages.pb.cc" />
    <ClCompile Include="src\utils.cpp" />
    <ClCompile Include="src\settings.cpp" />
    <ClCompile Include="src\tracker_device.cpp" />
  </ItemGroup>
  <ItemGroup>
    <ClInclude Include="include\communication.h" />
    <ClInclude Include="include\controller_device.h" />
    <ClInclude Include="include\driver_main.h" />
    <ClInclude Include="include\logging.h" />
    <ClInclude Include="include\utils.h" />
    <ClInclude Include="include\settings.h" />
    <ClInclude Include="include\tracker_device.h" />
    <ClInclude Include="include\protocol\TaurusMessages.pb.h" />
    <ClInclude Include="include\vrmath.h" />
  </ItemGroup>
  <ItemGroup>
    <None Include="TaurusProtocol\compileProtoCpp.bat" />
    <None Include="TaurusProtocol\TaurusMessages.proto" />
    <None Include="TaurusProtocol\compileProtoPy.bat" />
  </ItemGroup>
</Project>